// !$*UTF8*$!
{
	archiveVersion = 1;
	classes = {
	};
	objectVersion = 48;
	objects = {

/* Begin PBXBuildFile section */
		FC261EDF1F77F07500DF1FC6 /* ViewController.swift in Sources */ = {isa = PBXBuildFile; fileRef = FC261EDE1F77F07500DF1FC6 /* ViewController.swift */; };
		FC261EE11F77F24D00DF1FC6 /* AboutViewController.swift in Sources */ = {isa = PBXBuildFile; fileRef = FC261EE01F77F24D00DF1FC6 /* AboutViewController.swift */; };
		FC261EE31F77F54600DF1FC6 /* UIViewExtensions.swift in Sources */ = {isa = PBXBuildFile; fileRef = FC261EE21F77F54600DF1FC6 /* UIViewExtensions.swift */; };
		FC261EE51F7804D300DF1FC6 /* MapView.swift in Sources */ = {isa = PBXBuildFile; fileRef = FC261EE41F7804D300DF1FC6 /* MapView.swift */; };
		FC261EE71F78055D00DF1FC6 /* SwiftyJSON.swift in Sources */ = {isa = PBXBuildFile; fileRef = FC261EE61F78055D00DF1FC6 /* SwiftyJSON.swift */; };
		FC261EE91F78062200DF1FC6 /* Annotation.swift in Sources */ = {isa = PBXBuildFile; fileRef = FC261EE81F78062200DF1FC6 /* Annotation.swift */; };
		FC261EEB1F78101500DF1FC6 /* Leaderboard.swift in Sources */ = {isa = PBXBuildFile; fileRef = FC261EEA1F78101500DF1FC6 /* Leaderboard.swift */; };
		FC6843981F7778E400A92DD4 /* AppDelegate.swift in Sources */ = {isa = PBXBuildFile; fileRef = FC6843971F7778E400A92DD4 /* AppDelegate.swift */; };
		FC68439F1F7778E400A92DD4 /* Main.storyboard in Resources */ = {isa = PBXBuildFile; fileRef = FC68439D1F7778E400A92DD4 /* Main.storyboard */; };
		FC6843A11F7778E400A92DD4 /* Assets.xcassets in Resources */ = {isa = PBXBuildFile; fileRef = FC6843A01F7778E400A92DD4 /* Assets.xcassets */; };
		FC6843A41F7778E400A92DD4 /* LaunchScreen.storyboard in Resources */ = {isa = PBXBuildFile; fileRef = FC6843A21F7778E400A92DD4 /* LaunchScreen.storyboard */; };
/* End PBXBuildFile section */

/* Begin PBXFileReference section */
		FC261EDE1F77F07500DF1FC6 /* ViewController.swift */ = {isa = PBXFileReference; lastKnownFileType = sourcecode.swift; path = ViewController.swift; sourceTree = "<group>"; };
		FC261EE01F77F24D00DF1FC6 /* AboutViewController.swift */ = {isa = PBXFileReference; lastKnownFileType = sourcecode.swift; path = AboutViewController.swift; sourceTree = "<group>"; };
		FC261EE21F77F54600DF1FC6 /* UIViewExtensions.swift */ = {isa = PBXFileReference; lastKnownFileType = sourcecode.swift; path = UIViewExtensions.swift; sourceTree = "<group>"; };
		FC261EE41F7804D300DF1FC6 /* MapView.swift */ = {isa = PBXFileReference; lastKnownFileType = sourcecode.swift; path = MapView.swift; sourceTree = "<group>"; };
		FC261EE61F78055D00DF1FC6 /* SwiftyJSON.swift */ = {isa = PBXFileReference; lastKnownFileType = sourcecode.swift; path = SwiftyJSON.swift; sourceTree = "<group>"; };
		FC261EE81F78062200DF1FC6 /* Annotation.swift */ = {isa = PBXFileReference; lastKnownFileType = sourcecode.swift; path = Annotation.swift; sourceTree = "<group>"; };
		FC261EEA1F78101500DF1FC6 /* Leaderboard.swift */ = {isa = PBXFileReference; lastKnownFileType = sourcecode.swift; path = Leaderboard.swift; sourceTree = "<group>"; };
		FC6843941F7778E400A92DD4 /* SpreadBread.app */ = {isa = PBXFileReference; explicitFileType = wrapper.application; includeInIndex = 0; path = SpreadBread.app; sourceTree = BUILT_PRODUCTS_DIR; };
		FC6843971F7778E400A92DD4 /* AppDelegate.swift */ = {isa = PBXFileReference; lastKnownFileType = sourcecode.swift; path = AppDelegate.swift; sourceTree = "<group>"; };
		FC68439E1F7778E400A92DD4 /* Base */ = {isa = PBXFileReference; lastKnownFileType = file.storyboard; name = Base; path = Base.lproj/Main.storyboard; sourceTree = "<group>"; };
		FC6843A01F7778E400A92DD4 /* Assets.xcassets */ = {isa = PBXFileReference; lastKnownFileType = folder.assetcatalog; path = Assets.xcassets; sourceTree = "<group>"; };
		FC6843A31F7778E400A92DD4 /* Base */ = {isa = PBXFileReference; lastKnownFileType = file.storyboard; name = Base; path = Base.lproj/LaunchScreen.storyboard; sourceTree = "<group>"; };
		FC6843A51F7778E400A92DD4 /* Info.plist */ = {isa = PBXFileReference; lastKnownFileType = text.plist.xml; path = Info.plist; sourceTree = "<group>"; };
/* End PBXFileReference section */

/* Begin PBXFrameworksBuildPhase section */
		FC6843911F7778E400A92DD4 /* Frameworks */ = {
			isa = PBXFrameworksBuildPhase;
			buildActionMask = 2147483647;
			files = (
			);
			runOnlyForDeploymentPostprocessing = 0;
		};
/* End PBXFrameworksBuildPhase section */

/* Begin PBXGroup section */
		FC68438B1F7778E400A92DD4 = {
			isa = PBXGroup;
			children = (
				FC6843961F7778E400A92DD4 /* SpreadBread */,
				FC6843951F7778E400A92DD4 /* Products */,
			);
			sourceTree = "<group>";
		};
		FC6843951F7778E400A92DD4 /* Products */ = {
			isa = PBXGroup;
			children = (
				FC6843941F7778E400A92DD4 /* SpreadBread.app */,
			);
			name = Products;
			sourceTree = "<group>";
		};
		FC6843961F7778E400A92DD4 /* SpreadBread */ = {
			isa = PBXGroup;
			children = (
				FC6843971F7778E400A92DD4 /* AppDelegate.swift */,
				FC68439D1F7778E400A92DD4 /* Main.storyboard */,
				FC6843A01F7778E400A92DD4 /* Assets.xcassets */,
				FC6843A21F7778E400A92DD4 /* LaunchScreen.storyboard */,
				FC6843A51F7778E400A92DD4 /* Info.plist */,
				FC261EDE1F77F07500DF1FC6 /* ViewController.swift */,
				FC261EE01F77F24D00DF1FC6 /* AboutViewController.swift */,
				FC261EE21F77F54600DF1FC6 /* UIViewExtensions.swift */,
				FC261EE41F7804D300DF1FC6 /* MapView.swift */,
				FC261EE61F78055D00DF1FC6 /* SwiftyJSON.swift */,
				FC261EE81F78062200DF1FC6 /* Annotation.swift */,
				FC261EEA1F78101500DF1FC6 /* Leaderboard.swift */,
			);
			path = SpreadBread;
			sourceTree = "<group>";
		};
/* End PBXGroup section */

/* Begin PBXNativeTarget section */
		FC6843931F7778E400A92DD4 /* SpreadBread */ = {
			isa = PBXNativeTarget;
			buildConfigurationList = FC6843A81F7778E400A92DD4 /* Build configuration list for PBXNativeTarget "SpreadBread" */;
			buildPhases = (
				FC6843901F7778E400A92DD4 /* Sources */,
				FC6843911F7778E400A92DD4 /* Frameworks */,
				FC6843921F7778E400A92DD4 /* Resources */,
			);
			buildRules = (
			);
			dependencies = (
			);
			name = SpreadBread;
			productName = SpreadBread;
			productReference = FC6843941F7778E400A92DD4 /* SpreadBread.app */;
			productType = "com.apple.product-type.application";
		};
/* End PBXNativeTarget section */

/* Begin PBXProject section */
		FC68438C1F7778E400A92DD4 /* Project object */ = {
			isa = PBXProject;
			attributes = {
				LastSwiftUpdateCheck = 0900;
				LastUpgradeCheck = 0900;
				ORGANIZATIONNAME = "Rohin Bhasin";
				TargetAttributes = {
					FC6843931F7778E400A92DD4 = {
						CreatedOnToolsVersion = 9.0;
						ProvisioningStyle = Automatic;
					};
				};
			};
			buildConfigurationList = FC68438F1F7778E400A92DD4 /* Build configuration list for PBXProject "SpreadBread" */;
			compatibilityVersion = "Xcode 8.0";
			developmentRegion = en;
			hasScannedForEncodings = 0;
			knownRegions = (
				en,
				Base,
			);
			mainGroup = FC68438B1F7778E400A92DD4;
			productRefGroup = FC6843951F7778E400A92DD4 /* Products */;
			projectDirPath = "";
			projectRoot = "";
			targets = (
				FC6843931F7778E400A92DD4 /* SpreadBread */,
			);
		};
/* End PBXProject section */

/* Begin PBXResourcesBuildPhase section */
		FC6843921F7778E400A92DD4 /* Resources */ = {
			isa = PBXResourcesBuildPhase;
			buildActionMask = 2147483647;
			files = (
				FC6843A41F7778E400A92DD4 /* LaunchScreen.storyboard in Resources */,
				FC6843A11F7778E400A92DD4 /* Assets.xcassets in Resources */,
				FC68439F1F7778E400A92DD4 /* Main.storyboard in Resources */,
			);
			runOnlyForDeploymentPostprocessing = 0;
		};
/* End PBXResourcesBuildPhase section */

/* Begin PBXSourcesBuildPhase section */
		FC6843901F7778E400A92DD4 /* Sources */ = {
			isa = PBXSourcesBuildPhase;
			buildActionMask = 2147483647;
			files = (
				FC261EE11F77F24D00DF1FC6 /* AboutViewController.swift in Sources */,
				FC261EEB1F78101500DF1FC6 /* Leaderboard.swift in Sources */,
				FC261EDF1F77F07500DF1FC6 /* ViewController.swift in Sources */,
				FC261EE51F7804D300DF1FC6 /* MapView.swift in Sources */,
				FC261EE71F78055D00DF1FC6 /* SwiftyJSON.swift in Sources */,
				FC261EE31F77F54600DF1FC6 /* UIViewExtensions.swift in Sources */,
				FC261EE91F78062200DF1FC6 /* Annotation.swift in Sources */,
				FC6843981F7778E400A92DD4 /* AppDelegate.swift in Sources */,
			);
			runOnlyForDeploymentPostprocessing = 0;
		};
/* End PBXSourcesBuildPhase section */

/* Begin PBXVariantGroup section */
		FC68439D1F7778E400A92DD4 /* Main.storyboard */ = {
			isa = PBXVariantGroup;
			children = (
				FC68439E1F7778E400A92DD4 /* Base */,
			);
			name = Main.storyboard;
			sourceTree = "<group>";
		};
		FC6843A21F7778E400A92DD4 /* LaunchScreen.storyboard */ = {
			isa = PBXVariantGroup;
			children = (
				FC6843A31F7778E400A92DD4 /* Base */,
			);
			name = LaunchScreen.storyboard;
			sourceTree = "<group>";
		};
/* End PBXVariantGroup section */

/* Begin XCBuildConfiguration section */
		FC6843A61F7778E400A92DD4 /* Debug */ = {
			isa = XCBuildConfiguration;
			buildSettings = {
				ALWAYS_SEARCH_USER_PATHS = NO;
				CLANG_ANALYZER_NONNULL = YES;
				CLANG_ANALYZER_NUMBER_OBJECT_CONVERSION = YES_AGGRESSIVE;
				CLANG_CXX_LANGUAGE_STANDARD = "gnu++14";
				CLANG_CXX_LIBRARY = "libc++";
				CLANG_ENABLE_MODULES = YES;
				CLANG_ENABLE_OBJC_ARC = YES;
				CLANG_WARN_BLOCK_CAPTURE_AUTORELEASING = YES;
				CLANG_WARN_BOOL_CONVERSION = YES;
				CLANG_WARN_COMMA = YES;
				CLANG_WARN_CONSTANT_CONVERSION = YES;
				CLANG_WARN_DIRECT_OBJC_ISA_USAGE = YES_ERROR;
				CLANG_WARN_DOCUMENTATION_COMMENTS = YES;
				CLANG_WARN_EMPTY_BODY = YES;
				CLANG_WARN_ENUM_CONVERSION = YES;
				CLANG_WARN_INFINITE_RECURSION = YES;
				CLANG_WARN_INT_CONVERSION = YES;
				CLANG_WARN_NON_LITERAL_NULL_CONVERSION = YES;
				CLANG_WARN_OBJC_LITERAL_CONVERSION = YES;
				CLANG_WARN_OBJC_ROOT_CLASS = YES_ERROR;
				CLANG_WARN_RANGE_LOOP_ANALYSIS = YES;
				CLANG_WARN_STRICT_PROTOTYPES = YES;
				CLANG_WARN_SUSPICIOUS_MOVE = YES;
				CLANG_WARN_UNGUARDED_AVAILABILITY = YES_AGGRESSIVE;
				CLANG_WARN_UNREACHABLE_CODE = YES;
				CLANG_WARN__DUPLICATE_METHOD_MATCH = YES;
				CODE_SIGN_IDENTITY = "iPhone Developer";
				COPY_PHASE_STRIP = NO;
				DEBUG_INFORMATION_FORMAT = dwarf;
				ENABLE_STRICT_OBJC_MSGSEND = YES;
				ENABLE_TESTABILITY = YES;
				GCC_C_LANGUAGE_STANDARD = gnu11;
				GCC_DYNAMIC_NO_PIC = NO;
				GCC_NO_COMMON_BLOCKS = YES;
				GCC_OPTIMIZATION_LEVEL = 0;
				GCC_PREPROCESSOR_DEFINITIONS = (
					"DEBUG=1",
					"$(inherited)",
				);
				GCC_WARN_64_TO_32_BIT_CONVERSION = YES;
				GCC_WARN_ABOUT_RETURN_TYPE = YES_ERROR;
				GCC_WARN_UNDECLARED_SELECTOR = YES;
				GCC_WARN_UNINITIALIZED_AUTOS = YES_AGGRESSIVE;
				GCC_WARN_UNUSED_FUNCTION = YES;
				GCC_WARN_UNUSED_VARIABLE = YES;
				IPHONEOS_DEPLOYMENT_TARGET = 11.0;
				MTL_ENABLE_DEBUG_INFO = YES;
				ONLY_ACTIVE_ARCH = YES;
				SDKROOT = iphoneos;
				SWIFT_ACTIVE_COMPILATION_CONDITIONS = DEBUG;
				SWIFT_OPTIMIZATION_LEVEL = "-Onone";
			};
			name = Debug;
		};
		FC6843A71F7778E400A92DD4 /* Release */ = {
			isa = XCBuildConfiguration;
			buildSettings = {
				ALWAYS_SEARCH_USER_PATHS = NO;
				CLANG_ANALYZER_NONNULL = YES;
				CLANG_ANALYZER_NUMBER_OBJECT_CONVERSION = YES_AGGRESSIVE;
				CLANG_CXX_LANGUAGE_STANDARD = "gnu++14";
				CLANG_CXX_LIBRARY = "libc++";
				CLANG_ENABLE_MODULES = YES;
				CLANG_ENABLE_OBJC_ARC = YES;
				CLANG_WARN_BLOCK_CAPTURE_AUTORELEASING = YES;
				CLANG_WARN_BOOL_CONVERSION = YES;
				CLANG_WARN_COMMA = YES;
				CLANG_WARN_CONSTANT_CONVERSION = YES;
				CLANG_WARN_DIRECT_OBJC_ISA_USAGE = YES_ERROR;
				CLANG_WARN_DOCUMENTATION_COMMENTS = YES;
				CLANG_WARN_EMPTY_BODY = YES;
				CLANG_WARN_ENUM_CONVERSION = YES;
				CLANG_WARN_INFINITE_RECURSION = YES;
				CLANG_WARN_INT_CONVERSION = YES;
				CLANG_WARN_NON_LITERAL_NULL_CONVERSION = YES;
				CLANG_WARN_OBJC_LITERAL_CONVERSION = YES;
				CLANG_WARN_OBJC_ROOT_CLASS = YES_ERROR;
				CLANG_WARN_RANGE_LOOP_ANALYSIS = YES;
				CLANG_WARN_STRICT_PROTOTYPES = YES;
				CLANG_WARN_SUSPICIOUS_MOVE = YES;
				CLANG_WARN_UNGUARDED_AVAILABILITY = YES_AGGRESSIVE;
				CLANG_WARN_UNREACHABLE_CODE = YES;
				CLANG_WARN__DUPLICATE_METHOD_MATCH = YES;
				CODE_SIGN_IDENTITY = "iPhone Developer";
				COPY_PHASE_STRIP = NO;
				DEBUG_INFORMATION_FORMAT = "dwarf-with-dsym";
				ENABLE_NS_ASSERTIONS = NO;
				ENABLE_STRICT_OBJC_MSGSEND = YES;
				GCC_C_LANGUAGE_STANDARD = gnu11;
				GCC_NO_COMMON_BLOCKS = YES;
				GCC_WARN_64_TO_32_BIT_CONVERSION = YES;
				GCC_WARN_ABOUT_RETURN_TYPE = YES_ERROR;
				GCC_WARN_UNDECLARED_SELECTOR = YES;
				GCC_WARN_UNINITIALIZED_AUTOS = YES_AGGRESSIVE;
				GCC_WARN_UNUSED_FUNCTION = YES;
				GCC_WARN_UNUSED_VARIABLE = YES;
				IPHONEOS_DEPLOYMENT_TARGET = 11.0;
				MTL_ENABLE_DEBUG_INFO = NO;
				SDKROOT = iphoneos;
				SWIFT_OPTIMIZATION_LEVEL = "-Owholemodule";
				VALIDATE_PRODUCT = YES;
			};
			name = Release;
		};
		FC6843A91F7778E400A92DD4 /* Debug */ = {
			isa = XCBuildConfiguration;
			buildSettings = {
				ASSETCATALOG_COMPILER_APPICON_NAME = AppIcon;
				CODE_SIGN_STYLE = Automatic;
				DEVELOPMENT_TEAM = 26MHZ92LB3;
				INFOPLIST_FILE = SpreadBread/Info.plist;
				LD_RUNPATH_SEARCH_PATHS = "$(inherited) @executable_path/Frameworks";
				PRODUCT_BUNDLE_IDENTIFIER = com.rohin.SpreadBread;
				PRODUCT_NAME = "$(TARGET_NAME)";
				SWIFT_VERSION = 4.0;
				TARGETED_DEVICE_FAMILY = "1,2";
			};
			name = Debug;
		};
		FC6843AA1F7778E400A92DD4 /* Release */ = {
			isa = XCBuildConfiguration;
			buildSettings = {
				ASSETCATALOG_COMPILER_APPICON_NAME = AppIcon;
				CODE_SIGN_STYLE = Automatic;
				DEVELOPMENT_TEAM = 26MHZ92LB3;
				INFOPLIST_FILE = SpreadBread/Info.plist;
				LD_RUNPATH_SEARCH_PATHS = "$(inherited) @executable_path/Frameworks";
				PRODUCT_BUNDLE_IDENTIFIER = com.rohin.SpreadBread;
				PRODUCT_NAME = "$(TARGET_NAME)";
				SWIFT_VERSION = 4.0;
				TARGETED_DEVICE_FAMILY = "1,2";
			};
			name = Release;
		};
/* End XCBuildConfiguration section */

/* Begin XCConfigurationList section */
		FC68438F1F7778E400A92DD4 /* Build configuration list for PBXProject "SpreadBread" */ = {
			isa = XCConfigurationList;
			buildConfigurations = (
				FC6843A61F7778E400A92DD4 /* Debug */,
				FC6843A71F7778E400A92DD4 /* Release */,
			);
			defaultConfigurationIsVisible = 0;
			defaultConfigurationName = Release;
		};
		FC6843A81F7778E400A92DD4 /* Build configuration list for PBXNativeTarget "SpreadBread" */ = {
			isa = XCConfigurationList;
			buildConfigurations = (
				FC6843A91F7778E400A92DD4 /* Debug */,
				FC6843AA1F7778E400A92DD4 /* Release */,
			);
			defaultConfigurationIsVisible = 0;
			defaultConfigurationName = Release;
		};
/* End XCConfigurationList section */
	};
	rootObject = FC68438C1F7778E400A92DD4 /* Project object */;
}
